// !$*UTF8*$!
{
	archiveVersion = 1;
	classes = {
	};
	objectVersion = 48;
	objects = {

/* Begin PBXBuildFile section */
		4C516A891FC1AA99004BA565 /* M3U8PlaylistTests.swift in Sources */ = {isa = PBXBuildFile; fileRef = 4C516A881FC1AA99004BA565 /* M3U8PlaylistTests.swift */; };
		4C516A8D1FC1AF1C004BA565 /* M3U8Playlist.swift in Sources */ = {isa = PBXBuildFile; fileRef = 4C516A8C1FC1AF1C004BA565 /* M3U8Playlist.swift */; };
		4C516A8F1FC1C0EB004BA565 /* File.swift in Sources */ = {isa = PBXBuildFile; fileRef = 4C516A8E1FC1C0EB004BA565 /* File.swift */; };
		4C516A911FC1C19E004BA565 /* String+m3u8.swift in Sources */ = {isa = PBXBuildFile; fileRef = 4C516A901FC1C19E004BA565 /* String+m3u8.swift */; };
		4CE001D91FC0C09900740A5E /* AppDelegate.swift in Sources */ = {isa = PBXBuildFile; fileRef = 4CE001D81FC0C09900740A5E /* AppDelegate.swift */; };
		4CE001DB1FC0C09900740A5E /* ViewController.swift in Sources */ = {isa = PBXBuildFile; fileRef = 4CE001DA1FC0C09900740A5E /* ViewController.swift */; };
		4CE001DE1FC0C09900740A5E /* Main.storyboard in Resources */ = {isa = PBXBuildFile; fileRef = 4CE001DC1FC0C09900740A5E /* Main.storyboard */; };
		4CE001E01FC0C09900740A5E /* Assets.xcassets in Resources */ = {isa = PBXBuildFile; fileRef = 4CE001DF1FC0C09900740A5E /* Assets.xcassets */; };
		4CE001E31FC0C09900740A5E /* LaunchScreen.storyboard in Resources */ = {isa = PBXBuildFile; fileRef = 4CE001E11FC0C09900740A5E /* LaunchScreen.storyboard */; };
/* End PBXBuildFile section */

/* Begin PBXContainerItemProxy section */
		4CE001EA1FC0C09900740A5E /* PBXContainerItemProxy */ = {
			isa = PBXContainerItemProxy;
			containerPortal = 4CE001CD1FC0C09900740A5E /* Project object */;
			proxyType = 1;
			remoteGlobalIDString = 4CE001D41FC0C09900740A5E;
			remoteInfo = "HLS Audio Player";
		};
/* End PBXContainerItemProxy section */

/* Begin PBXFileReference section */
		4C516A881FC1AA99004BA565 /* M3U8PlaylistTests.swift */ = {isa = PBXFileReference; lastKnownFileType = sourcecode.swift; path = M3U8PlaylistTests.swift; sourceTree = "<group>"; };
		4C516A8C1FC1AF1C004BA565 /* M3U8Playlist.swift */ = {isa = PBXFileReference; lastKnownFileType = sourcecode.swift; path = M3U8Playlist.swift; sourceTree = "<group>"; };
		4C516A8E1FC1C0EB004BA565 /* File.swift */ = {isa = PBXFileReference; lastKnownFileType = sourcecode.swift; path = File.swift; sourceTree = "<group>"; };
		4C516A901FC1C19E004BA565 /* String+m3u8.swift */ = {isa = PBXFileReference; lastKnownFileType = sourcecode.swift; path = "String+m3u8.swift"; sourceTree = "<group>"; };
		4CE001D51FC0C09900740A5E /* HLS Audio Player.app */ = {isa = PBXFileReference; explicitFileType = wrapper.application; includeInIndex = 0; path = "HLS Audio Player.app"; sourceTree = BUILT_PRODUCTS_DIR; };
		4CE001D81FC0C09900740A5E /* AppDelegate.swift */ = {isa = PBXFileReference; lastKnownFileType = sourcecode.swift; path = AppDelegate.swift; sourceTree = "<group>"; };
		4CE001DA1FC0C09900740A5E /* ViewController.swift */ = {isa = PBXFileReference; lastKnownFileType = sourcecode.swift; path = ViewController.swift; sourceTree = "<group>"; };
		4CE001DD1FC0C09900740A5E /* Base */ = {isa = PBXFileReference; lastKnownFileType = file.storyboard; name = Base; path = Base.lproj/Main.storyboard; sourceTree = "<group>"; };
		4CE001DF1FC0C09900740A5E /* Assets.xcassets */ = {isa = PBXFileReference; lastKnownFileType = folder.assetcatalog; path = Assets.xcassets; sourceTree = "<group>"; };
		4CE001E21FC0C09900740A5E /* Base */ = {isa = PBXFileReference; lastKnownFileType = file.storyboard; name = Base; path = Base.lproj/LaunchScreen.storyboard; sourceTree = "<group>"; };
		4CE001E41FC0C09900740A5E /* Info.plist */ = {isa = PBXFileReference; lastKnownFileType = text.plist.xml; path = Info.plist; sourceTree = "<group>"; };
		4CE001E91FC0C09900740A5E /* HLS Audio PlayerTests.xctest */ = {isa = PBXFileReference; explicitFileType = wrapper.cfbundle; includeInIndex = 0; path = "HLS Audio PlayerTests.xctest"; sourceTree = BUILT_PRODUCTS_DIR; };
		4CE001EF1FC0C09900740A5E /* Info.plist */ = {isa = PBXFileReference; lastKnownFileType = text.plist.xml; path = Info.plist; sourceTree = "<group>"; };
/* End PBXFileReference section */

/* Begin PBXFrameworksBuildPhase section */
		4CE001D21FC0C09900740A5E /* Frameworks */ = {
			isa = PBXFrameworksBuildPhase;
			buildActionMask = 2147483647;
			files = (
			);
			runOnlyForDeploymentPostprocessing = 0;
		};
		4CE001E61FC0C09900740A5E /* Frameworks */ = {
			isa = PBXFrameworksBuildPhase;
			buildActionMask = 2147483647;
			files = (
			);
			runOnlyForDeploymentPostprocessing = 0;
		};
/* End PBXFrameworksBuildPhase section */

/* Begin PBXGroup section */
		4C516A8A1FC1AC52004BA565 /* Model */ = {
			isa = PBXGroup;
			children = (
				4C516A881FC1AA99004BA565 /* M3U8PlaylistTests.swift */,
			);
			path = Model;
			sourceTree = "<group>";
		};
		4C516A8B1FC1AF04004BA565 /* Model */ = {
			isa = PBXGroup;
			children = (
				4C516A8C1FC1AF1C004BA565 /* M3U8Playlist.swift */,
				4C516A8E1FC1C0EB004BA565 /* File.swift */,
			);
			path = Model;
			sourceTree = "<group>";
		};
		4C516A921FC1C1A3004BA565 /* Extensions */ = {
			isa = PBXGroup;
			children = (
				4C516A901FC1C19E004BA565 /* String+m3u8.swift */,
			);
			path = Extensions;
			sourceTree = "<group>";
		};
		4CE001CC1FC0C09900740A5E = {
			isa = PBXGroup;
			children = (
				4CE001D71FC0C09900740A5E /* HLS Audio Player */,
				4CE001EC1FC0C09900740A5E /* HLS Audio PlayerTests */,
				4CE001D61FC0C09900740A5E /* Products */,
			);
			sourceTree = "<group>";
		};
		4CE001D61FC0C09900740A5E /* Products */ = {
			isa = PBXGroup;
			children = (
				4CE001D51FC0C09900740A5E /* HLS Audio Player.app */,
				4CE001E91FC0C09900740A5E /* HLS Audio PlayerTests.xctest */,
			);
			name = Products;
			sourceTree = "<group>";
		};
		4CE001D71FC0C09900740A5E /* HLS Audio Player */ = {
			isa = PBXGroup;
			children = (
				4C516A921FC1C1A3004BA565 /* Extensions */,
				4C516A8B1FC1AF04004BA565 /* Model */,
				4CE001D81FC0C09900740A5E /* AppDelegate.swift */,
				4CE001DA1FC0C09900740A5E /* ViewController.swift */,
				4CE001DC1FC0C09900740A5E /* Main.storyboard */,
				4CE001DF1FC0C09900740A5E /* Assets.xcassets */,
				4CE001E11FC0C09900740A5E /* LaunchScreen.storyboard */,
				4CE001E41FC0C09900740A5E /* Info.plist */,
			);
			path = "HLS Audio Player";
			sourceTree = "<group>";
		};
		4CE001EC1FC0C09900740A5E /* HLS Audio PlayerTests */ = {
			isa = PBXGroup;
			children = (
				4C516A8A1FC1AC52004BA565 /* Model */,
				4CE001EF1FC0C09900740A5E /* Info.plist */,
			);
			path = "HLS Audio PlayerTests";
			sourceTree = "<group>";
		};
/* End PBXGroup section */

/* Begin PBXNativeTarget section */
		4CE001D41FC0C09900740A5E /* HLS Audio Player */ = {
			isa = PBXNativeTarget;
			buildConfigurationList = 4CE001F21FC0C09900740A5E /* Build configuration list for PBXNativeTarget "HLS Audio Player" */;
			buildPhases = (
				4CE001D11FC0C09900740A5E /* Sources */,
				4CE001D21FC0C09900740A5E /* Frameworks */,
				4CE001D31FC0C09900740A5E /* Resources */,
			);
			buildRules = (
			);
			dependencies = (
			);
			name = "HLS Audio Player";
			productName = "HLS Audio Player";
			productReference = 4CE001D51FC0C09900740A5E /* HLS Audio Player.app */;
			productType = "com.apple.product-type.application";
		};
		4CE001E81FC0C09900740A5E /* HLS Audio PlayerTests */ = {
			isa = PBXNativeTarget;
			buildConfigurationList = 4CE001F51FC0C09900740A5E /* Build configuration list for PBXNativeTarget "HLS Audio PlayerTests" */;
			buildPhases = (
				4CE001E51FC0C09900740A5E /* Sources */,
				4CE001E61FC0C09900740A5E /* Frameworks */,
				4CE001E71FC0C09900740A5E /* Resources */,
			);
			buildRules = (
			);
			dependencies = (
				4CE001EB1FC0C09900740A5E /* PBXTargetDependency */,
			);
			name = "HLS Audio PlayerTests";
			productName = "HLS Audio PlayerTests";
			productReference = 4CE001E91FC0C09900740A5E /* HLS Audio PlayerTests.xctest */;
			productType = "com.apple.product-type.bundle.unit-test";
		};
/* End PBXNativeTarget section */

/* Begin PBXProject section */
		4CE001CD1FC0C09900740A5E /* Project object */ = {
			isa = PBXProject;
			attributes = {
				LastSwiftUpdateCheck = 0910;
				LastUpgradeCheck = 0910;
				ORGANIZATIONNAME = "Nikita Gromadskyi";
				TargetAttributes = {
					4CE001D41FC0C09900740A5E = {
						CreatedOnToolsVersion = 9.1;
						ProvisioningStyle = Automatic;
					};
					4CE001E81FC0C09900740A5E = {
						CreatedOnToolsVersion = 9.1;
						ProvisioningStyle = Automatic;
						TestTargetID = 4CE001D41FC0C09900740A5E;
					};
				};
			};
			buildConfigurationList = 4CE001D01FC0C09900740A5E /* Build configuration list for PBXProject "HLS Audio Player" */;
			compatibilityVersion = "Xcode 8.0";
			developmentRegion = en;
			hasScannedForEncodings = 0;
			knownRegions = (
				en,
				Base,
			);
			mainGroup = 4CE001CC1FC0C09900740A5E;
			productRefGroup = 4CE001D61FC0C09900740A5E /* Products */;
			projectDirPath = "";
			projectRoot = "";
			targets = (
				4CE001D41FC0C09900740A5E /* HLS Audio Player */,
				4CE001E81FC0C09900740A5E /* HLS Audio PlayerTests */,
			);
		};
/* End PBXProject section */

/* Begin PBXResourcesBuildPhase section */
		4CE001D31FC0C09900740A5E /* Resources */ = {
			isa = PBXResourcesBuildPhase;
			buildActionMask = 2147483647;
			files = (
				4CE001E31FC0C09900740A5E /* LaunchScreen.storyboard in Resources */,
				4CE001E01FC0C09900740A5E /* Assets.xcassets in Resources */,
				4CE001DE1FC0C09900740A5E /* Main.storyboard in Resources */,
			);
			runOnlyForDeploymentPostprocessing = 0;
		};
		4CE001E71FC0C09900740A5E /* Resources */ = {
			isa = PBXResourcesBuildPhase;
			buildActionMask = 2147483647;
			files = (
			);
			runOnlyForDeploymentPostprocessing = 0;
		};
/* End PBXResourcesBuildPhase section */

/* Begin PBXSourcesBuildPhase section */
		4CE001D11FC0C09900740A5E /* Sources */ = {
			isa = PBXSourcesBuildPhase;
			buildActionMask = 2147483647;
			files = (
				4C516A911FC1C19E004BA565 /* String+m3u8.swift in Sources */,
				4C516A8D1FC1AF1C004BA565 /* M3U8Playlist.swift in Sources */,
				4C516A8F1FC1C0EB004BA565 /* File.swift in Sources */,
				4CE001DB1FC0C09900740A5E /* ViewController.swift in Sources */,
				4CE001D91FC0C09900740A5E /* AppDelegate.swift in Sources */,
			);
			runOnlyForDeploymentPostprocessing = 0;
		};
		4CE001E51FC0C09900740A5E /* Sources */ = {
			isa = PBXSourcesBuildPhase;
			buildActionMask = 2147483647;
			files = (
				4C516A891FC1AA99004BA565 /* M3U8PlaylistTests.swift in Sources */,
			);
			runOnlyForDeploymentPostprocessing = 0;
		};
/* End PBXSourcesBuildPhase section */

/* Begin PBXTargetDependency section */
		4CE001EB1FC0C09900740A5E /* PBXTargetDependency */ = {
			isa = PBXTargetDependency;
			target = 4CE001D41FC0C09900740A5E /* HLS Audio Player */;
			targetProxy = 4CE001EA1FC0C09900740A5E /* PBXContainerItemProxy */;
		};
/* End PBXTargetDependency section */

/* Begin PBXVariantGroup section */
		4CE001DC1FC0C09900740A5E /* Main.storyboard */ = {
			isa = PBXVariantGroup;
			children = (
				4CE001DD1FC0C09900740A5E /* Base */,
			);
			name = Main.storyboard;
			sourceTree = "<group>";
		};
		4CE001E11FC0C09900740A5E /* LaunchScreen.storyboard */ = {
			isa = PBXVariantGroup;
			children = (
				4CE001E21FC0C09900740A5E /* Base */,
			);
			name = LaunchScreen.storyboard;
			sourceTree = "<group>";
		};
/* End PBXVariantGroup section */

/* Begin XCBuildConfiguration section */
		4CE001F01FC0C09900740A5E /* Debug */ = {
			isa = XCBuildConfiguration;
			buildSettings = {
				ALWAYS_SEARCH_USER_PATHS = NO;
				CLANG_ANALYZER_NONNULL = YES;
				CLANG_ANALYZER_NUMBER_OBJECT_CONVERSION = YES_AGGRESSIVE;
				CLANG_CXX_LANGUAGE_STANDARD = "gnu++14";
				CLANG_CXX_LIBRARY = "libc++";
				CLANG_ENABLE_MODULES = YES;
				CLANG_ENABLE_OBJC_ARC = YES;
				CLANG_WARN_BLOCK_CAPTURE_AUTORELEASING = YES;
				CLANG_WARN_BOOL_CONVERSION = YES;
				CLANG_WARN_COMMA = YES;
				CLANG_WARN_CONSTANT_CONVERSION = YES;
				CLANG_WARN_DIRECT_OBJC_ISA_USAGE = YES_ERROR;
				CLANG_WARN_DOCUMENTATION_COMMENTS = YES;
				CLANG_WARN_EMPTY_BODY = YES;
				CLANG_WARN_ENUM_CONVERSION = YES;
				CLANG_WARN_INFINITE_RECURSION = YES;
				CLANG_WARN_INT_CONVERSION = YES;
				CLANG_WARN_NON_LITERAL_NULL_CONVERSION = YES;
				CLANG_WARN_OBJC_LITERAL_CONVERSION = YES;
				CLANG_WARN_OBJC_ROOT_CLASS = YES_ERROR;
				CLANG_WARN_RANGE_LOOP_ANALYSIS = YES;
				CLANG_WARN_STRICT_PROTOTYPES = YES;
				CLANG_WARN_SUSPICIOUS_MOVE = YES;
				CLANG_WARN_UNGUARDED_AVAILABILITY = YES_AGGRESSIVE;
				CLANG_WARN_UNREACHABLE_CODE = YES;
				CLANG_WARN__DUPLICATE_METHOD_MATCH = YES;
				CODE_SIGN_IDENTITY = "iPhone Developer";
				COPY_PHASE_STRIP = NO;
				DEBUG_INFORMATION_FORMAT = dwarf;
				ENABLE_STRICT_OBJC_MSGSEND = YES;
				ENABLE_TESTABILITY = YES;
				GCC_C_LANGUAGE_STANDARD = gnu11;
				GCC_DYNAMIC_NO_PIC = NO;
				GCC_NO_COMMON_BLOCKS = YES;
				GCC_OPTIMIZATION_LEVEL = 0;
				GCC_PREPROCESSOR_DEFINITIONS = (
					"DEBUG=1",
					"$(inherited)",
				);
				GCC_WARN_64_TO_32_BIT_CONVERSION = YES;
				GCC_WARN_ABOUT_RETURN_TYPE = YES_ERROR;
				GCC_WARN_UNDECLARED_SELECTOR = YES;
				GCC_WARN_UNINITIALIZED_AUTOS = YES_AGGRESSIVE;
				GCC_WARN_UNUSED_FUNCTION = YES;
				GCC_WARN_UNUSED_VARIABLE = YES;
				IPHONEOS_DEPLOYMENT_TARGET = 8.0;
				MTL_ENABLE_DEBUG_INFO = YES;
				ONLY_ACTIVE_ARCH = YES;
				SDKROOT = iphoneos;
				SWIFT_ACTIVE_COMPILATION_CONDITIONS = DEBUG;
				SWIFT_OPTIMIZATION_LEVEL = "-Onone";
			};
			name = Debug;
		};
		4CE001F11FC0C09900740A5E /* Release */ = {
			isa = XCBuildConfiguration;
			buildSettings = {
				ALWAYS_SEARCH_USER_PATHS = NO;
				CLANG_ANALYZER_NONNULL = YES;
				CLANG_ANALYZER_NUMBER_OBJECT_CONVERSION = YES_AGGRESSIVE;
				CLANG_CXX_LANGUAGE_STANDARD = "gnu++14";
				CLANG_CXX_LIBRARY = "libc++";
				CLANG_ENABLE_MODULES = YES;
				CLANG_ENABLE_OBJC_ARC = YES;
				CLANG_WARN_BLOCK_CAPTURE_AUTORELEASING = YES;
				CLANG_WARN_BOOL_CONVERSION = YES;
				CLANG_WARN_COMMA = YES;
				CLANG_WARN_CONSTANT_CONVERSION = YES;
				CLANG_WARN_DIRECT_OBJC_ISA_USAGE = YES_ERROR;
				CLANG_WARN_DOCUMENTATION_COMMENTS = YES;
				CLANG_WARN_EMPTY_BODY = YES;
				CLANG_WARN_ENUM_CONVERSION = YES;
				CLANG_WARN_INFINITE_RECURSION = YES;
				CLANG_WARN_INT_CONVERSION = YES;
				CLANG_WARN_NON_LITERAL_NULL_CONVERSION = YES;
				CLANG_WARN_OBJC_LITERAL_CONVERSION = YES;
				CLANG_WARN_OBJC_ROOT_CLASS = YES_ERROR;
				CLANG_WARN_RANGE_LOOP_ANALYSIS = YES;
				CLANG_WARN_STRICT_PROTOTYPES = YES;
				CLANG_WARN_SUSPICIOUS_MOVE = YES;
				CLANG_WARN_UNGUARDED_AVAILABILITY = YES_AGGRESSIVE;
				CLANG_WARN_UNREACHABLE_CODE = YES;
				CLANG_WARN__DUPLICATE_METHOD_MATCH = YES;
				CODE_SIGN_IDENTITY = "iPhone Developer";
				COPY_PHASE_STRIP = NO;
				DEBUG_INFORMATION_FORMAT = "dwarf-with-dsym";
				ENABLE_NS_ASSERTIONS = NO;
				ENABLE_STRICT_OBJC_MSGSEND = YES;
				GCC_C_LANGUAGE_STANDARD = gnu11;
				GCC_NO_COMMON_BLOCKS = YES;
				GCC_WARN_64_TO_32_BIT_CONVERSION = YES;
				GCC_WARN_ABOUT_RETURN_TYPE = YES_ERROR;
				GCC_WARN_UNDECLARED_SELECTOR = YES;
				GCC_WARN_UNINITIALIZED_AUTOS = YES_AGGRESSIVE;
				GCC_WARN_UNUSED_FUNCTION = YES;
				GCC_WARN_UNUSED_VARIABLE = YES;
				IPHONEOS_DEPLOYMENT_TARGET = 8.0;
				MTL_ENABLE_DEBUG_INFO = NO;
				SDKROOT = iphoneos;
				SWIFT_OPTIMIZATION_LEVEL = "-Owholemodule";
				VALIDATE_PRODUCT = YES;
			};
			name = Release;
		};
		4CE001F31FC0C09900740A5E /* Debug */ = {
			isa = XCBuildConfiguration;
			buildSettings = {
				ASSETCATALOG_COMPILER_APPICON_NAME = AppIcon;
				CODE_SIGN_STYLE = Automatic;
				DEVELOPMENT_TEAM = 3YTRZ2F3AQ;
				INFOPLIST_FILE = "HLS Audio Player/Info.plist";
				IPHONEOS_DEPLOYMENT_TARGET = 8.0;
				LD_RUNPATH_SEARCH_PATHS = "$(inherited) @executable_path/Frameworks";
				PRODUCT_BUNDLE_IDENTIFIER = "com.ngromadskyi.HLS-Audio-Player";
				PRODUCT_NAME = "$(TARGET_NAME)";
				SWIFT_VERSION = 4.0;
				TARGETED_DEVICE_FAMILY = 1;
			};
			name = Debug;
		};
		4CE001F41FC0C09900740A5E /* Release */ = {
			isa = XCBuildConfiguration;
			buildSettings = {
				ASSETCATALOG_COMPILER_APPICON_NAME = AppIcon;
				CODE_SIGN_STYLE = Automatic;
				DEVELOPMENT_TEAM = 3YTRZ2F3AQ;
				INFOPLIST_FILE = "HLS Audio Player/Info.plist";
				IPHONEOS_DEPLOYMENT_TARGET = 8.0;
				LD_RUNPATH_SEARCH_PATHS = "$(inherited) @executable_path/Frameworks";
				PRODUCT_BUNDLE_IDENTIFIER = "com.ngromadskyi.HLS-Audio-Player";
				PRODUCT_NAME = "$(TARGET_NAME)";
				SWIFT_VERSION = 4.0;
				TARGETED_DEVICE_FAMILY = 1;
			};
			name = Release;
		};
		4CE001F61FC0C09900740A5E /* Debug */ = {
			isa = XCBuildConfiguration;
			buildSettings = {
				ALWAYS_EMBED_SWIFT_STANDARD_LIBRARIES = YES;
				BUNDLE_LOADER = "$(TEST_HOST)";
				CODE_SIGN_STYLE = Automatic;
				DEVELOPMENT_TEAM = 3YTRZ2F3AQ;
				INFOPLIST_FILE = "HLS Audio PlayerTests/Info.plist";
				LD_RUNPATH_SEARCH_PATHS = "$(inherited) @executable_path/Frameworks @loader_path/Frameworks";
				PRODUCT_BUNDLE_IDENTIFIER = "com.ngromadskyi.HLS-Audio-PlayerTests";
				PRODUCT_NAME = "$(TARGET_NAME)";
				SWIFT_VERSION = 4.0;
				TARGETED_DEVICE_FAMILY = "1,2";
				TEST_HOST = "$(BUILT_PRODUCTS_DIR)/HLS Audio Player.app/HLS Audio Player";
			};
			name = Debug;
		};
		4CE001F71FC0C09900740A5E /* Release */ = {
			isa = XCBuildConfiguration;
			buildSettings = {
				ALWAYS_EMBED_SWIFT_STANDARD_LIBRARIES = YES;
				BUNDLE_LOADER = "$(TEST_HOST)";
				CODE_SIGN_STYLE = Automatic;
				DEVELOPMENT_TEAM = 3YTRZ2F3AQ;
				INFOPLIST_FILE = "HLS Audio PlayerTests/Info.plist";
				LD_RUNPATH_SEARCH_PATHS = "$(inherited) @executable_path/Frameworks @loader_path/Frameworks";
				PRODUCT_BUNDLE_IDENTIFIER = "com.ngromadskyi.HLS-Audio-PlayerTests";
				PRODUCT_NAME = "$(TARGET_NAME)";
				SWIFT_VERSION = 4.0;
				TARGETED_DEVICE_FAMILY = "1,2";
				TEST_HOST = "$(BUILT_PRODUCTS_DIR)/HLS Audio Player.app/HLS Audio Player";
			};
			name = Release;
		};
/* End XCBuildConfiguration section */

/* Begin XCConfigurationList section */
		4CE001D01FC0C09900740A5E /* Build configuration list for PBXProject "HLS Audio Player" */ = {
			isa = XCConfigurationList;
			buildConfigurations = (
				4CE001F01FC0C09900740A5E /* Debug */,
				4CE001F11FC0C09900740A5E /* Release */,
			);
			defaultConfigurationIsVisible = 0;
			defaultConfigurationName = Release;
		};
		4CE001F21FC0C09900740A5E /* Build configuration list for PBXNativeTarget "HLS Audio Player" */ = {
			isa = XCConfigurationList;
			buildConfigurations = (
				4CE001F31FC0C09900740A5E /* Debug */,
				4CE001F41FC0C09900740A5E /* Release */,
			);
			defaultConfigurationIsVisible = 0;
			defaultConfigurationName = Release;
		};
		4CE001F51FC0C09900740A5E /* Build configuration list for PBXNativeTarget "HLS Audio PlayerTests" */ = {
			isa = XCConfigurationList;
			buildConfigurations = (
				4CE001F61FC0C09900740A5E /* Debug */,
				4CE001F71FC0C09900740A5E /* Release */,
			);
			defaultConfigurationIsVisible = 0;
			defaultConfigurationName = Release;
		};
/* End XCConfigurationList section */
	};
	rootObject = 4CE001CD1FC0C09900740A5E /* Project object */;
}
